
Microsoft Visual Studio Solution File, Format Version 12.00
# Visual Studio Version 16
VisualStudioVersion = 16.0.30611.23
MinimumVisualStudioVersion = 10.0.40219.1
Project("{FAE04EC0-301F-11D3-BF4B-00C04F79EFBC}") = "IOWpf", "IOWpf\IOWpf.csproj", "{EC3DC797-04E3-47F4-9D6B-F4BA7FDE7D79}"
EndProject
Global
	GlobalSection(SolutionConfigurationPlatforms) = preSolution
		Debug|Any CPU = Debug|Any CPU
		Release|Any CPU = Release|Any CPU
	EndGlobalSection
	GlobalSection(ProjectConfigurationPlatforms) = postSolution
		{EC3DC797-04E3-47F4-9D6B-F4BA7FDE7D79}.Debug|Any CPU.ActiveCfg = Debug|Any CPU
		{EC3DC797-04E3-47F4-9D6B-F4BA7FDE7D79}.Debug|Any CPU.Build.0 = Debug|Any CPU
		{EC3DC797-04E3-47F4-9D6B-F4BA7FDE7D79}.Release|Any CPU.ActiveCfg = Release|Any CPU
		{EC3DC797-04E3-47F4-9D6B-F4BA7FDE7D79}.Release|Any CPU.Build.0 = Release|Any CPU
	EndGlobalSection
	GlobalSection(SolutionProperties) = preSolution
		HideSolutionNode = FALSE
	EndGlobalSection
	GlobalSection(ExtensibilityGlobals) = postSolution
		SolutionGuid = {C4FEEF3F-636D-482D-B4A6-F768C4A75364}
	EndGlobalSection
EndGlobal
